<Solution>
  <Project Path="Unity.VisualEffectGraph.Editor.csproj" />
  <Project Path="Unity.ShaderGraph.Editor.csproj" />
  <Project Path="Unity.Multiplayer.Center.Editor.csproj" />
  <Project Path="Unity.RenderPipelines.HighDefinition.Editor.csproj" />
  <Project Path="MoreMountains.Tools.csproj" />
  <Project Path="MagicaClothV2.csproj" />
  <Project Path="Unity.RenderPipelines.HighDefinition.Runtime.csproj" />
  <Project Path="Unity.RenderPipelines.Core.Editor.csproj" />
  <Project Path="UnityEngine.UI.csproj" />
  <Project Path="Assembly-CSharp.csproj" />
  <Project Path="MagicaClothV2.Editor.csproj" />
  <Project Path="UnityEditor.TestRunner.csproj" />
  <Project Path="UnityEngine.TestRunner.csproj" />
  <Project Path="Unity.2D.Tilemap.Editor.csproj" />
  <Project Path="Unity.TextMeshPro.csproj" />
  <Project Path="Unity.RenderPipelines.Core.Runtime.csproj" />
  <Project Path="Unity.VisualEffectGraph.Runtime.csproj" />
  <Project Path="Unity.RenderPipelines.GPUDriven.Runtime.csproj" />
  <Project Path="MoreMountains.Tools.Editor.csproj" />
  <Project Path="Unity.TextMeshPro.Editor.csproj" />
  <Project Path="PrimeTween.Demo.csproj" />
  <Project Path="UnityEditor.UI.csproj" />
  <Project Path="Unity.RaytracedHardShadow.csproj" />
  <Project Path="Unity.Multiplayer.Center.Common.csproj" />
  <Project Path="SkillWeb.csproj" />
  <Project Path="FMODUnityEditor.csproj" />
  <Project Path="FMODUnity.csproj" />
  <Project Path="Unity.2D.Sprite.Editor.csproj" />
  <Project Path="Lofelt.NiceVibrations.csproj" />
  <Project Path="Assembly-CSharp-Editor.csproj" />
  <Project Path="Unity.RenderPipelines.Core.Samples.Runtime.csproj" />
  <Project Path="Unity.Rendering.LightTransport.Runtime.csproj" />
  <Project Path="Lofelt.NiceVibrations.Demo.csproj" />
  <Project Path="Lofelt.NiceVibrations.Editor.csproj" />
  <Project Path="UnityEditor.UI.Analytics.csproj" />
  <Project Path="Unity.RenderPipelines.HighDefinition.Samples.Common.Runtime.csproj" />
  <Project Path="Unity.RenderPipelines.Core.Samples.Editor.csproj" />
  <Project Path="MagicaCloth2Example.csproj" />
  <Project Path="SQLite.csproj" />
  <Project Path="IngameDebugConsole.Runtime.csproj" />
  <Project Path="FMODUnityResonance.csproj" />
  <Project Path="Unity.Rendering.LightTransport.Editor.csproj" />
  <Project Path="Sirenix.OdinInspector.Modules.UnityMathematics.csproj" />
  <Project Path="PrimeTween.Debug.csproj" />
  <Project Path="Unity.RaytracedHardShadow.Editor.csproj" />
  <Project Path="Unity.RenderPipelines.HighDefinition.Samples.Common.Editor.csproj" />
  <Project Path="PrimeTween.Installer.csproj" />
  <Project Path="Unity.RenderPipelines.ShaderGraph.ShaderGraphLibrary.csproj" />
  <Project Path="Unity.RenderPipelines.Core.ShaderLibrary.csproj" />
  <Project Path="FMODUnityResonanceEditor.csproj" />
  <Project Path="Unity.ShaderGraph.Utilities.csproj" />
  <Project Path="Unity.RenderPipelines.Core.Runtime.Shared.csproj" />
  <Project Path="IngameDebugConsole.Editor.csproj" />
  <Project Path="Unity.RenderPipelines.HighDefinition.Config.Runtime.csproj" />
  <Project Path="Unity.RenderPipelines.Core.Editor.Shared.csproj" />
</Solution>
